
Microsoft Visual Studio Solution File, Format Version 12.00
# Visual Studio Version 17
VisualStudioVersion = 17.3.32901.215
MinimumVisualStudioVersion = 10.0.40219.1
Project("{FAE04EC0-301F-11D3-BF4B-00C04F79EFBC}") = "Connect Four", "Connect Four\Connect Four.csproj", "{8896EE73-345E-4AEB-9613-9657D271CDAE}"
EndProject
Global
	GlobalSection(SolutionConfigurationPlatforms) = preSolution
		Debug|Any CPU = Debug|Any CPU
		Release|Any CPU = Release|Any CPU
	EndGlobalSection
	GlobalSection(ProjectConfigurationPlatforms) = postSolution
		{8896EE73-345E-4AEB-9613-9657D271CDAE}.Debug|Any CPU.ActiveCfg = Debug|Any CPU
		{8896EE73-345E-4AEB-9613-9657D271CDAE}.Debug|Any CPU.Build.0 = Debug|Any CPU
		{8896EE73-345E-4AEB-9613-9657D271CDAE}.Release|Any CPU.ActiveCfg = Release|Any CPU
		{8896EE73-345E-4AEB-9613-9657D271CDAE}.Release|Any CPU.Build.0 = Release|Any CPU
	EndGlobalSection
	GlobalSection(SolutionProperties) = preSolution
		HideSolutionNode = FALSE
	EndGlobalSection
	GlobalSection(ExtensibilityGlobals) = postSolution
		SolutionGuid = {C02C8658-56C7-418D-B61E-90689EED2AEE}
	EndGlobalSection
EndGlobal
